{
  "lockfileVersion": 1,
  "configVersion": 0,
  "workspaces": {
    "": {
      "dependencies": {
        "@hono/node-server": "^1.19.9",
        "entities": "^7.0.1",
        "hono": "^4.12.2",
        "httpcloak": "^1.6.0",
        "linkedom": "^0.18.12",
        "tslib": "^2.8.1",
        "undici": "^7.22.0",
        "x-client-transaction-id": "^0.1.9",
      },
      "devDependencies": {
        "@types/node": "^25.3.1",
        "bun-types": "^1.3.9",
        "typescript": "^5.9.3",
      },
    },
  },
  "packages": {
    "@hono/node-server": ["@hono/node-server@1.19.9", "", { "peerDependencies": { "hono": "^4" } }, "sha512-vHL6w3ecZsky+8P5MD+eFfaGTyCeOHUIFYMGpQGbrBTSmNNoxv0if69rEZ5giu36weC5saFuznL411gRX7bJDw=="],

    "@httpcloak/darwin-arm64": ["@httpcloak/darwin-arm64@1.6.0", "", { "os": "darwin", "cpu": "arm64" }, "sha512-u7ge58Q3sHpj6r8G2fU1zWnswXry3NAgRtriWaHi4C11RC8/58qxgem+9IaHvs5oUEEmfSoDxzd8+Rj1+G6IFA=="],

    "@httpcloak/darwin-x64": ["@httpcloak/darwin-x64@1.6.0", "", { "os": "darwin", "cpu": "x64" }, "sha512-KcyGAVwHNqWMXrNUVpcAhu6dvQ2SuTMbZC6x0L1abl6sE7zIRYItHaVHF+NSFRKdb1EMJ9ZzewabMKe1h/i6BQ=="],

    "@httpcloak/linux-arm64": ["@httpcloak/linux-arm64@1.6.0", "", { "os": "linux", "cpu": "arm64" }, "sha512-8OcAj7CNxouop8kzdC3tJVLIrOv7Oot1rruER+fl9rENgcT3umRS+8DTORtCwBdA0NRs24TwfTpV/Ysu+8Sesw=="],

    "@httpcloak/linux-x64": ["@httpcloak/linux-x64@1.6.0", "", { "os": "linux", "cpu": "x64" }, "sha512-/Pcox5IfJTRWzRp0UOZbJD1BljKs41tHdKnaLCFERgnn/b32PgzJH/am1JqSMwSAuaJCFfTZNcyqaWXdzounaw=="],

    "@httpcloak/win32-x64": ["@httpcloak/win32-x64@1.6.0", "", { "os": "win32", "cpu": "x64" }, "sha512-5+I/IG8El5BhilVlyf/0VKsbg38ppDFfcudUc8UAykVFKe4hwQHUwHKZwzwp+kWi5IdxIEJkP0Leuf7FIxwMOA=="],

    "@types/node": ["@types/node@25.3.1", "", { "dependencies": { "undici-types": "~7.18.0" } }, "sha512-hj9YIJimBCipHVfHKRMnvmHg+wfhKc0o4mTtXh9pKBjC8TLJzz0nzGmLi5UJsYAUgSvXFHgb0V2oY10DUFtImw=="],

    "boolbase": ["boolbase@1.0.0", "", {}, "sha512-JZOSA7Mo9sNGB8+UjSgzdLtokWAky1zbztM3WRLCbZ70/3cTANmQmOdR7y2g+J0e2WXywy1yS468tY+IruqEww=="],

    "bun-types": ["bun-types@1.3.10", "", { "dependencies": { "@types/node": "*" } }, "sha512-tcpfCCl6XWo6nCVnpcVrxQ+9AYN1iqMIzgrSKYMB/fjLtV2eyAVEg7AxQJuCq/26R6HpKWykQXuSOq/21RYcbg=="],

    "css-select": ["css-select@5.2.2", "", { "dependencies": { "boolbase": "^1.0.0", "css-what": "^6.1.0", "domhandler": "^5.0.2", "domutils": "^3.0.1", "nth-check": "^2.0.1" } }, "sha512-TizTzUddG/xYLA3NXodFM0fSbNizXjOKhqiQQwvhlspadZokn1KDy0NZFS0wuEubIYAV5/c1/lAr0TaaFXEXzw=="],

    "css-what": ["css-what@6.2.2", "", {}, "sha512-u/O3vwbptzhMs3L1fQE82ZSLHQQfto5gyZzwteVIEyeaY5Fc7R4dapF/BvRoSYFeqfBk4m0V1Vafq5Pjv25wvA=="],

    "cssom": ["cssom@0.5.0", "", {}, "sha512-iKuQcq+NdHqlAcwUY0o/HL69XQrUaQdMjmStJ8JFmUaiiQErlhrmuigkg/CU4E2J0IyUKUrMAgl36TvN67MqTw=="],

    "dom-serializer": ["dom-serializer@2.0.0", "", { "dependencies": { "domelementtype": "^2.3.0", "domhandler": "^5.0.2", "entities": "^4.2.0" } }, "sha512-wIkAryiqt/nV5EQKqQpo3SToSOV9J0DnbJqwK7Wv/Trc92zIAYZ4FlMu+JPFW1DfGFt81ZTCGgDEabffXeLyJg=="],

    "domelementtype": ["domelementtype@2.3.0", "", {}, "sha512-OLETBj6w0OsagBwdXnPdN0cnMfF9opN69co+7ZrbfPGrdpPVNBUj02spi6B1N7wChLQiPn4CSH/zJvXw56gmHw=="],

    "domhandler": ["domhandler@5.0.3", "", { "dependencies": { "domelementtype": "^2.3.0" } }, "sha512-cgwlv/1iFQiFnU96XXgROh8xTeetsnJiDsTc7TYCLFd9+/WNkIqPTxiM/8pSd8VIrhXGTf1Ny1q1hquVqDJB5w=="],

    "domutils": ["domutils@3.2.2", "", { "dependencies": { "dom-serializer": "^2.0.0", "domelementtype": "^2.3.0", "domhandler": "^5.0.3" } }, "sha512-6kZKyUajlDuqlHKVX1w7gyslj9MPIXzIFiz/rGu35uC1wMi+kMhQwGhl4lt9unC9Vb9INnY9Z3/ZA3+FhASLaw=="],

    "entities": ["entities@7.0.1", "", {}, "sha512-TWrgLOFUQTH994YUyl1yT4uyavY5nNB5muff+RtWaqNVCAK408b5ZnnbNAUEWLTCpum9w6arT70i1XdQ4UeOPA=="],

    "hono": ["hono@4.12.2", "", {}, "sha512-gJnaDHXKDayjt8ue0n8Gs0A007yKXj4Xzb8+cNjZeYsSzzwKc0Lr+OZgYwVfB0pHfUs17EPoLvrOsEaJ9mj+Tg=="],

    "html-escaper": ["html-escaper@3.0.3", "", {}, "sha512-RuMffC89BOWQoY0WKGpIhn5gX3iI54O6nRA0yC124NYVtzjmFWBIiFd8M0x+ZdX0P9R4lADg1mgP8C7PxGOWuQ=="],

    "htmlparser2": ["htmlparser2@10.1.0", "", { "dependencies": { "domelementtype": "^2.3.0", "domhandler": "^5.0.3", "domutils": "^3.2.2", "entities": "^7.0.1" } }, "sha512-VTZkM9GWRAtEpveh7MSF6SjjrpNVNNVJfFup7xTY3UpFtm67foy9HDVXneLtFVt4pMz5kZtgNcvCniNFb1hlEQ=="],

    "httpcloak": ["httpcloak@1.6.0", "", { "dependencies": { "koffi": "^2.9.0" }, "optionalDependencies": { "@httpcloak/darwin-arm64": "1.6.0", "@httpcloak/darwin-x64": "1.6.0", "@httpcloak/linux-arm64": "1.6.0", "@httpcloak/linux-x64": "1.6.0", "@httpcloak/win32-arm64": "1.6.0", "@httpcloak/win32-x64": "1.6.0" } }, "sha512-g4wuUlk+IhEPq0Z150Y1EEp+RUWi8cItS6VJPlwhHQ7Y7kW/rRAkchZqkMNcqhdj7w8v9oltrsJdIMZxXhO7gg=="],

    "koffi": ["koffi@2.15.1", "", {}, "sha512-mnc0C0crx/xMSljb5s9QbnLrlFHprioFO1hkXyuSuO/QtbpLDa0l/uM21944UfQunMKmp3/r789DTDxVyyH6aA=="],

    "linkedom": ["linkedom@0.18.12", "", { "dependencies": { "css-select": "^5.1.0", "cssom": "^0.5.0", "html-escaper": "^3.0.3", "htmlparser2": "^10.0.0", "uhyphen": "^0.2.0" }, "peerDependencies": { "canvas": ">= 2" }, "optionalPeers": ["canvas"] }, "sha512-jalJsOwIKuQJSeTvsgzPe9iJzyfVaEJiEXl+25EkKevsULHvMJzpNqwvj1jOESWdmgKDiXObyjOYwlUqG7wo1Q=="],

    "nth-check": ["nth-check@2.1.1", "", { "dependencies": { "boolbase": "^1.0.0" } }, "sha512-lqjrjmaOoAnWfMmBPL+XNnynZh2+swxiX3WUE0s4yEHI6m+AwrK2UZOimIRl3X/4QctVqS8AiZjFqyOGrMXb/w=="],

    "tslib": ["tslib@2.8.1", "", {}, "sha512-oJFu94HQb+KVduSUQL7wnpmqnfmLsOA/nAh6b6EH0wCEoK0/mPeXU6c3wKDV83MkOuHPRHtSXKKU99IBazS/2w=="],

    "typescript": ["typescript@5.9.3", "", { "bin": { "tsc": "bin/tsc", "tsserver": "bin/tsserver" } }, "sha512-jl1vZzPDinLr9eUt3J/t7V6FgNEw9QjvBPdysz9KfQDD41fQrC2Y4vKQdiaUpFT4bXlb1RHhLpp8wtm6M5TgSw=="],

    "uhyphen": ["uhyphen@0.2.0", "", {}, "sha512-qz3o9CHXmJJPGBdqzab7qAYuW8kQGKNEuoHFYrBwV6hWIMcpAmxDLXojcHfFr9US1Pe6zUswEIJIbLI610fuqA=="],

    "undici": ["undici@7.22.0", "", {}, "sha512-RqslV2Us5BrllB+JeiZnK4peryVTndy9Dnqq62S3yYRRTj0tFQCwEniUy2167skdGOy3vqRzEvl1Dm4sV2ReDg=="],

    "undici-types": ["undici-types@7.18.2", "", {}, "sha512-AsuCzffGHJybSaRrmr5eHr81mwJU3kjw6M+uprWvCXiNeN9SOGwQ3Jn8jb8m3Z6izVgknn1R0FTCEAP2QrLY/w=="],

    "x-client-transaction-id": ["x-client-transaction-id@0.1.9", "", { "dependencies": { "linkedom": "^0.18.9" } }, "sha512-CES4zgkJ0wbfFWm0qgdKphthyb+L7lVHymgOY15v6ivcWSx5p9lp5kzAed+BuqJSP7bS0GbQyJ16ONkRthgsUw=="],

    "dom-serializer/entities": ["entities@4.5.0", "", {}, "sha512-V0hjH4dGPh9Ao5p0MoRY6BVqtwCjhz6vI5LT8AJ55H+4g9/4vbHx1I54fS0XuclLhDHArPQCiMjDxjaL8fPxhw=="],
  }
}
